
Microsoft Visual Studio Solution File, Format Version 12.00
# Visual Studio Version 17
VisualStudioVersion = 17.13.35931.197 d17.13
MinimumVisualStudioVersion = 10.0.40219.1
Project("{FAE04EC0-301F-11D3-BF4B-00C04F79EFBC}") = "OpenAIChatApi", "OpenAIChatApi\OpenAIChatApi.csproj", "{97DF287B-70B2-4591-920C-55BBA12A0B15}"
EndProject
Global
	GlobalSection(SolutionConfigurationPlatforms) = preSolution
		Debug|Any CPU = Debug|Any CPU
		Release|Any CPU = Release|Any CPU
	EndGlobalSection
	GlobalSection(ProjectConfigurationPlatforms) = postSolution
		{97DF287B-70B2-4591-920C-55BBA12A0B15}.Debug|Any CPU.ActiveCfg = Debug|Any CPU
		{97DF287B-70B2-4591-920C-55BBA12A0B15}.Debug|Any CPU.Build.0 = Debug|Any CPU
		{97DF287B-70B2-4591-920C-55BBA12A0B15}.Release|Any CPU.ActiveCfg = Release|Any CPU
		{97DF287B-70B2-4591-920C-55BBA12A0B15}.Release|Any CPU.Build.0 = Release|Any CPU
	EndGlobalSection
	GlobalSection(SolutionProperties) = preSolution
		HideSolutionNode = FALSE
	EndGlobalSection
	GlobalSection(ExtensibilityGlobals) = postSolution
		SolutionGuid = {E8260679-D978-4C42-833C-29D4B0377C0C}
	EndGlobalSection
EndGlobal
